
Microsoft Visual Studio Solution File, Format Version 12.00
Project("{FAE04EC0-301F-11D3-BF4B-00C04F79EFBC}") = "BackupUtil.Core", "BackupUtil.Core\BackupUtil.Core.csproj", "{DAF94FA4-4DD6-445C-A731-549B6529A138}"
EndProject
Project("{FAE04EC0-301F-11D3-BF4B-00C04F79EFBC}") = "BackupUtil.Core.Tests", "BackupUtil.Core.Tests\BackupUtil.Core.Tests.csproj", "{5F517714-15EB-476E-8A6A-C4CAED3D2FD7}"
EndProject
Project("{FAE04EC0-301F-11D3-BF4B-00C04F79EFBC}") = "BackupUtil.Cli", "BackupUtil.Cli\BackupUtil.Cli.csproj", "{8FA7032B-1E98-4B68-BAB2-1E5BA9940E1B}"
EndProject
Project("{FAE04EC0-301F-11D3-BF4B-00C04F79EFBC}") = "BackupUtil.I18n", "BackupUtil.I18n\BackupUtil.I18n.csproj", "{586B33C6-52D2-418F-A624-54E427EE4B03}"
EndProject
Global
	GlobalSection(SolutionConfigurationPlatforms) = preSolution
		Debug|Any CPU = Debug|Any CPU
		Release|Any CPU = Release|Any CPU
	EndGlobalSection
	GlobalSection(ProjectConfigurationPlatforms) = postSolution
		{DAF94FA4-4DD6-445C-A731-549B6529A138}.Debug|Any CPU.ActiveCfg = Debug|Any CPU
		{DAF94FA4-4DD6-445C-A731-549B6529A138}.Debug|Any CPU.Build.0 = Debug|Any CPU
		{DAF94FA4-4DD6-445C-A731-549B6529A138}.Release|Any CPU.ActiveCfg = Release|Any CPU
		{DAF94FA4-4DD6-445C-A731-549B6529A138}.Release|Any CPU.Build.0 = Release|Any CPU
		{5F517714-15EB-476E-8A6A-C4CAED3D2FD7}.Debug|Any CPU.ActiveCfg = Debug|Any CPU
		{5F517714-15EB-476E-8A6A-C4CAED3D2FD7}.Debug|Any CPU.Build.0 = Debug|Any CPU
		{5F517714-15EB-476E-8A6A-C4CAED3D2FD7}.Release|Any CPU.ActiveCfg = Release|Any CPU
		{5F517714-15EB-476E-8A6A-C4CAED3D2FD7}.Release|Any CPU.Build.0 = Release|Any CPU
		{8FA7032B-1E98-4B68-BAB2-1E5BA9940E1B}.Debug|Any CPU.ActiveCfg = Debug|Any CPU
		{8FA7032B-1E98-4B68-BAB2-1E5BA9940E1B}.Debug|Any CPU.Build.0 = Debug|Any CPU
		{8FA7032B-1E98-4B68-BAB2-1E5BA9940E1B}.Release|Any CPU.ActiveCfg = Release|Any CPU
		{8FA7032B-1E98-4B68-BAB2-1E5BA9940E1B}.Release|Any CPU.Build.0 = Release|Any CPU
		{586B33C6-52D2-418F-A624-54E427EE4B03}.Debug|Any CPU.ActiveCfg = Debug|Any CPU
		{586B33C6-52D2-418F-A624-54E427EE4B03}.Debug|Any CPU.Build.0 = Debug|Any CPU
		{586B33C6-52D2-418F-A624-54E427EE4B03}.Release|Any CPU.ActiveCfg = Release|Any CPU
		{586B33C6-52D2-418F-A624-54E427EE4B03}.Release|Any CPU.Build.0 = Release|Any CPU
	EndGlobalSection
EndGlobal
